{
  "name": "Zidio_Task_Management",
  "lockfileVersion": 3,
  "requires": true,
  "packages": {
    "": {
      "dependencies": {
        "blueimp-md5": "^2.19.0",
        "nodemailer": "^6.10.0"
      }
    },
    "node_modules/blueimp-md5": {
      "version": "2.19.0",
      "resolved": "https://registry.npmjs.org/blueimp-md5/-/blueimp-md5-2.19.0.tgz",
      "integrity": "sha512-DRQrD6gJyy8FbiE4s+bDoXS9hiW3Vbx5uCdwvcCf3zLHL+Iv7LtGHLpr+GZV8rHG8tK766FGYBwRbu8pELTt+w==",
      "license": "MIT"
    },
    "node_modules/nodemailer": {
      "version": "6.10.0",
      "resolved": "https://registry.npmjs.org/nodemailer/-/nodemailer-6.10.0.tgz",
      "integrity": "sha512-SQ3wZCExjeSatLE/HBaXS5vqUOQk6GtBdIIKxiFdmm01mOQZX/POJkO3SUX1wDiYcwUOJwT23scFSC9fY2H8IA==",
      "license": "MIT-0",
      "engines": {
        "node": ">=6.0.0"
      }
    }
  }
}
